
Microsoft Visual Studio Solution File, Format Version 12.00
# Visual Studio Version 17
VisualStudioVersion = 17.9.34701.34
MinimumVisualStudioVersion = 10.0.40219.1
Project("{FAE04EC0-301F-11D3-BF4B-00C04F79EFBC}") = "StudentApp", "StudentApp\StudentApp.csproj", "{DDBE7858-BE50-447E-A14C-B5DCEC2145ED}"
EndProject
Global
	GlobalSection(SolutionConfigurationPlatforms) = preSolution
		Debug|Any CPU = Debug|Any CPU
		Release|Any CPU = Release|Any CPU
	EndGlobalSection
	GlobalSection(ProjectConfigurationPlatforms) = postSolution
		{DDBE7858-BE50-447E-A14C-B5DCEC2145ED}.Debug|Any CPU.ActiveCfg = Debug|Any CPU
		{DDBE7858-BE50-447E-A14C-B5DCEC2145ED}.Debug|Any CPU.Build.0 = Debug|Any CPU
		{DDBE7858-BE50-447E-A14C-B5DCEC2145ED}.Release|Any CPU.ActiveCfg = Release|Any CPU
		{DDBE7858-BE50-447E-A14C-B5DCEC2145ED}.Release|Any CPU.Build.0 = Release|Any CPU
	EndGlobalSection
	GlobalSection(SolutionProperties) = preSolution
		HideSolutionNode = FALSE
	EndGlobalSection
	GlobalSection(ExtensibilityGlobals) = postSolution
		SolutionGuid = {52DF795E-0846-48AD-AFCF-D2FCFC3773C2}
	EndGlobalSection
EndGlobal
